{
  "name": "uwu",
  "version": "1.0.0",
  "lockfileVersion": 3,
  "requires": true,
  "packages": {
    "": {
      "name": "uwu",
      "version": "1.0.0",
      "dependencies": {
        "discord.js": "^14.13.0"
      }
    },
    "node_modules/@discordjs/builders": {
      "version": "1.7.0"
    },
    "node_modules/@discordjs/collection": {
      "version": "1.5.3"
    },
    "node_modules/@discordjs/rest": {
      "version": "2.3.0"
    },
    "node_modules/discord-api-types": {
      "version": "0.37.83"
    },
    "node_modules/discord.js": {
      "version": "14.13.0"
    },
    "node_modules/undici": {
      "version": "5.28.4"
    }
  }
}
